
Microsoft Visual Studio Solution File, Format Version 12.00
# Visual Studio 15
VisualStudioVersion = 15.0.27703.2047
MinimumVisualStudioVersion = 10.0.40219.1
Project("{FAE04EC0-301F-11D3-BF4B-00C04F79EFBC}") = "Projeto01_ApiChamados", "Projeto01_ApiChamados\Projeto01_ApiChamados.csproj", "{B1FB494B-AB1A-48F1-95B9-85A316C960AB}"
EndProject
Project("{FAE04EC0-301F-11D3-BF4B-00C04F79EFBC}") = "Projeto02_ClienteWebApiAjax", "Projeto02_ClienteWebApiAjax\Projeto02_ClienteWebApiAjax.csproj", "{2D1A986D-C5B8-420D-9788-E336273DFC09}"
EndProject
Global
	GlobalSection(SolutionConfigurationPlatforms) = preSolution
		Debug|Any CPU = Debug|Any CPU
		Release|Any CPU = Release|Any CPU
	EndGlobalSection
	GlobalSection(ProjectConfigurationPlatforms) = postSolution
		{B1FB494B-AB1A-48F1-95B9-85A316C960AB}.Debug|Any CPU.ActiveCfg = Debug|Any CPU
		{B1FB494B-AB1A-48F1-95B9-85A316C960AB}.Debug|Any CPU.Build.0 = Debug|Any CPU
		{B1FB494B-AB1A-48F1-95B9-85A316C960AB}.Release|Any CPU.ActiveCfg = Release|Any CPU
		{B1FB494B-AB1A-48F1-95B9-85A316C960AB}.Release|Any CPU.Build.0 = Release|Any CPU
		{2D1A986D-C5B8-420D-9788-E336273DFC09}.Debug|Any CPU.ActiveCfg = Debug|Any CPU
		{2D1A986D-C5B8-420D-9788-E336273DFC09}.Debug|Any CPU.Build.0 = Debug|Any CPU
		{2D1A986D-C5B8-420D-9788-E336273DFC09}.Release|Any CPU.ActiveCfg = Release|Any CPU
		{2D1A986D-C5B8-420D-9788-E336273DFC09}.Release|Any CPU.Build.0 = Release|Any CPU
	EndGlobalSection
	GlobalSection(SolutionProperties) = preSolution
		HideSolutionNode = FALSE
	EndGlobalSection
	GlobalSection(ExtensibilityGlobals) = postSolution
		SolutionGuid = {4833DFDA-13B9-4D7A-9BA0-48DF62EE6C44}
	EndGlobalSection
EndGlobal
